
Microsoft Visual Studio Solution File, Format Version 12.00
# Visual Studio Version 16
VisualStudioVersion = 16.0.810.3
MinimumVisualStudioVersion = 10.0.40219.1
Project("{FAE04EC0-301F-11D3-BF4B-00C04F79EFBC}") = "ExamplesCheck", "ExamplesCheck\ExamplesCheck.csproj", "{BEDC80B1-23FD-4442-8E70-4FE0B1439DBF}"
EndProject
Global
	GlobalSection(SolutionConfigurationPlatforms) = preSolution
		Debug|Any CPU = Debug|Any CPU
		Release|Any CPU = Release|Any CPU
	EndGlobalSection
	GlobalSection(ProjectConfigurationPlatforms) = postSolution
		{BEDC80B1-23FD-4442-8E70-4FE0B1439DBF}.Debug|Any CPU.ActiveCfg = Debug|Any CPU
		{BEDC80B1-23FD-4442-8E70-4FE0B1439DBF}.Debug|Any CPU.Build.0 = Debug|Any CPU
		{BEDC80B1-23FD-4442-8E70-4FE0B1439DBF}.Release|Any CPU.ActiveCfg = Release|Any CPU
		{BEDC80B1-23FD-4442-8E70-4FE0B1439DBF}.Release|Any CPU.Build.0 = Release|Any CPU
	EndGlobalSection
	GlobalSection(SolutionProperties) = preSolution
		HideSolutionNode = FALSE
	EndGlobalSection
	GlobalSection(ExtensibilityGlobals) = postSolution
		SolutionGuid = {4F16119C-4296-4296-8302-1812FB79548E}
	EndGlobalSection
EndGlobal
